
Microsoft Visual Studio Solution File, Format Version 12.00
# Visual Studio Version 16
VisualStudioVersion = 16.0.29424.173
MinimumVisualStudioVersion = 10.0.40219.1
Project("{9A19103F-16F7-4668-BE54-9A1E7A4F7556}") = "NTDOY_Microservice", "NTDOY_Microservice.csproj", "{23CA9686-79FF-41EE-BF79-1ED40B8115E5}"
EndProject
Project("{FAE04EC0-301F-11D3-BF4B-00C04F79EFBC}") = "NTDOY_Microservice_Tests", "NTDOY_Microservice_Tests\NTDOY_Microservice_Tests.csproj", "{4C9E297C-463E-4D68-ABC1-D2C45B90B83F}"
EndProject
Global
	GlobalSection(SolutionConfigurationPlatforms) = preSolution
		Debug|Any CPU = Debug|Any CPU
		Release|Any CPU = Release|Any CPU
	EndGlobalSection
	GlobalSection(ProjectConfigurationPlatforms) = postSolution
		{23CA9686-79FF-41EE-BF79-1ED40B8115E5}.Debug|Any CPU.ActiveCfg = Debug|Any CPU
		{23CA9686-79FF-41EE-BF79-1ED40B8115E5}.Debug|Any CPU.Build.0 = Debug|Any CPU
		{23CA9686-79FF-41EE-BF79-1ED40B8115E5}.Release|Any CPU.ActiveCfg = Release|Any CPU
		{23CA9686-79FF-41EE-BF79-1ED40B8115E5}.Release|Any CPU.Build.0 = Release|Any CPU
		{4C9E297C-463E-4D68-ABC1-D2C45B90B83F}.Debug|Any CPU.ActiveCfg = Debug|Any CPU
		{4C9E297C-463E-4D68-ABC1-D2C45B90B83F}.Debug|Any CPU.Build.0 = Debug|Any CPU
		{4C9E297C-463E-4D68-ABC1-D2C45B90B83F}.Release|Any CPU.ActiveCfg = Release|Any CPU
		{4C9E297C-463E-4D68-ABC1-D2C45B90B83F}.Release|Any CPU.Build.0 = Release|Any CPU
	EndGlobalSection
	GlobalSection(SolutionProperties) = preSolution
		HideSolutionNode = FALSE
	EndGlobalSection
	GlobalSection(ExtensibilityGlobals) = postSolution
		SolutionGuid = {91E608A7-168C-46BD-B4E3-39C3DBCDCB2F}
	EndGlobalSection
EndGlobal
